
Microsoft Visual Studio Solution File, Format Version 12.00
# Visual Studio Version 16
VisualStudioVersion = 16.0.28803.352
MinimumVisualStudioVersion = 10.0.40219.1
Project("{FAE04EC0-301F-11D3-BF4B-00C04F79EFBC}") = "Logger", "Logger\Logger.csproj", "{1E5FD25E-68A0-4EA8-A2DA-78C8D9C262D6}"
EndProject
Global
	GlobalSection(SolutionConfigurationPlatforms) = preSolution
		Debug|Any CPU = Debug|Any CPU
		Release|Any CPU = Release|Any CPU
	EndGlobalSection
	GlobalSection(ProjectConfigurationPlatforms) = postSolution
		{1E5FD25E-68A0-4EA8-A2DA-78C8D9C262D6}.Debug|Any CPU.ActiveCfg = Debug|Any CPU
		{1E5FD25E-68A0-4EA8-A2DA-78C8D9C262D6}.Debug|Any CPU.Build.0 = Debug|Any CPU
		{1E5FD25E-68A0-4EA8-A2DA-78C8D9C262D6}.Release|Any CPU.ActiveCfg = Release|Any CPU
		{1E5FD25E-68A0-4EA8-A2DA-78C8D9C262D6}.Release|Any CPU.Build.0 = Release|Any CPU
	EndGlobalSection
	GlobalSection(SolutionProperties) = preSolution
		HideSolutionNode = FALSE
	EndGlobalSection
	GlobalSection(ExtensibilityGlobals) = postSolution
		SolutionGuid = {F732DE4D-239E-4012-94A7-D6FD3CF05021}
	EndGlobalSection
EndGlobal
